Microsoft Visual Studio Solution File, Format Version 12.00
# Visual Studio 15
VisualStudioVersion = 15.0.26730.12
MinimumVisualStudioVersion = 10.0.40219.1
Project("{9A19103F-16F7-4668-BE54-9A1E7A4F7556}") = "SumoLogic.Logging.Common", "SumoLogic.Logging.Common\SumoLogic.Logging.Common.csproj", "{E182AA49-AF0B-48A9-8C65-E0241DA8C623}"
EndProject
Project("{9A19103F-16F7-4668-BE54-9A1E7A4F7556}") = "SumoLogic.Logging.Log4Net", "SumoLogic.Logging.Log4Net\SumoLogic.Logging.Log4Net.csproj", "{75BD9161-A607-4C13-8F3A-6B4E5A04460D}"
EndProject
Project("{9A19103F-16F7-4668-BE54-9A1E7A4F7556}") = "SumoLogic.Logging.NLog", "SumoLogic.Logging.NLog\SumoLogic.Logging.NLog.csproj", "{DD204B9E-3BB7-499F-8FF2-9D2B4263BF07}"
EndProject
Project("{9A19103F-16F7-4668-BE54-9A1E7A4F7556}") = "SumoLogic.Logging.NLog.Tests", "SumoLogic.Logging.NLog.Tests\SumoLogic.Logging.NLog.Tests.csproj", "{A71BB234-A8E5-440F-BCCD-E7B50A696739}"
EndProject
Project("{9A19103F-16F7-4668-BE54-9A1E7A4F7556}") = "SumoLogic.Logging.Log4Net.Tests", "SumoLogic.Logging.Log4Net.Tests\SumoLogic.Logging.Log4Net.Tests.csproj", "{590FA175-2ED9-486D-B489-B0D054BFE68F}"
EndProject
Project("{9A19103F-16F7-4668-BE54-9A1E7A4F7556}") = "SumoLogic.Logging.Common.Tests", "SumoLogic.Logging.Common.Tests\SumoLogic.Logging.Common.Tests.csproj", "{538DA881-D377-41DA-B360-CBFD0D8113C1}"
EndProject
Project("{2150E333-8FDC-42A3-9474-1A3956D46DE8}") = ".nuget", ".nuget", "{16D42CFF-3BBF-4BBD-8ADD-81B1DB9B1054}"
	ProjectSection(SolutionItems) = preProject
		.nuget\packages.config = .nuget\packages.config
	EndProjectSection
EndProject
Project("{9A19103F-16F7-4668-BE54-9A1E7A4F7556}") = "SumoLogic.Logging.Log4Net.Example", "SumoLogic.Logging.Log4Net.Example\SumoLogic.Logging.Log4Net.Example.csproj", "{B7D93D79-E187-4FB3-9FA5-9B3156DBC51B}"
EndProject
Project("{9A19103F-16F7-4668-BE54-9A1E7A4F7556}") = "SumoLogic.Logging.NLog.Example", "SumoLogic.Logging.Nlog.Example\SumoLogic.Logging.NLog.Example.csproj", "{72EFE60E-29A5-4DF9-95D1-2C9D5D887F6A}"
EndProject
Project("{9A19103F-16F7-4668-BE54-9A1E7A4F7556}") = "SumoLogic.Logging.AspNetCoreLogging", "SumoLogic.Logging.AspNetCoreLogging\SumoLogic.Logging.AspNetCoreLogging.csproj", "{BF4480D5-C79F-4EED-B93A-4B905FCA7D80}"
EndProject
Global
	GlobalSection(SolutionConfigurationPlatforms) = preSolution
		Debug|Any CPU = Debug|Any CPU
		Debug|x64 = Debug|x64
		Debug|x86 = Debug|x86
		DebugCA|Any CPU = DebugCA|Any CPU
		DebugCA|x64 = DebugCA|x64
		DebugCA|x86 = DebugCA|x86
		Release|Any CPU = Release|Any CPU
		Release|x64 = Release|x64
		Release|x86 = Release|x86
	EndGlobalSection
	GlobalSection(ProjectConfigurationPlatforms) = postSolution
		{E182AA49-AF0B-48A9-8C65-E0241DA8C623}.Debug|Any CPU.ActiveCfg = Debug|Any CPU
		{E182AA49-AF0B-48A9-8C65-E0241DA8C623}.Debug|Any CPU.Build.0 = Debug|Any CPU
		{E182AA49-AF0B-48A9-8C65-E0241DA8C623}.Debug|x64.ActiveCfg = Debug|Any CPU
		{E182AA49-AF0B-48A9-8C65-E0241DA8C623}.Debug|x64.Build.0 = Debug|Any CPU
		{E182AA49-AF0B-48A9-8C65-E0241DA8C623}.Debug|x86.ActiveCfg = Debug|Any CPU
		{E182AA49-AF0B-48A9-8C65-E0241DA8C623}.Debug|x86.Build.0 = Debug|Any CPU
		{E182AA49-AF0B-48A9-8C65-E0241DA8C623}.DebugCA|Any CPU.ActiveCfg = Debug|Any CPU
		{E182AA49-AF0B-48A9-8C65-E0241DA8C623}.DebugCA|Any CPU.Build.0 = Debug|Any CPU
		{E182AA49-AF0B-48A9-8C65-E0241DA8C623}.DebugCA|x64.ActiveCfg = Debug|Any CPU
		{E182AA49-AF0B-48A9-8C65-E0241DA8C623}.DebugCA|x64.Build.0 = Debug|Any CPU
		{E182AA49-AF0B-48A9-8C65-E0241DA8C623}.DebugCA|x86.ActiveCfg = Debug|Any CPU
		{E182AA49-AF0B-48A9-8C65-E0241DA8C623}.DebugCA|x86.Build.0 = Debug|Any CPU
		{E182AA49-AF0B-48A9-8C65-E0241DA8C623}.Release|Any CPU.ActiveCfg = Release|Any CPU
		{E182AA49-AF0B-48A9-8C65-E0241DA8C623}.Release|Any CPU.Build.0 = Release|Any CPU
		{E182AA49-AF0B-48A9-8C65-E0241DA8C623}.Release|x64.ActiveCfg = Release|Any CPU
		{E182AA49-AF0B-48A9-8C65-E0241DA8C623}.Release|x64.Build.0 = Release|Any CPU
		{E182AA49-AF0B-48A9-8C65-E0241DA8C623}.Release|x86.ActiveCfg = Release|Any CPU
		{E182AA49-AF0B-48A9-8C65-E0241DA8C623}.Release|x86.Build.0 = Release|Any CPU
		{75BD9161-A607-4C13-8F3A-6B4E5A04460D}.Debug|Any CPU.ActiveCfg = Debug|Any CPU
		{75BD9161-A607-4C13-8F3A-6B4E5A04460D}.Debug|Any CPU.Build.0 = Debug|Any CPU
		{75BD9161-A607-4C13-8F3A-6B4E5A04460D}.Debug|x64.ActiveCfg = Debug|Any CPU
		{75BD9161-A607-4C13-8F3A-6B4E5A04460D}.Debug|x64.Build.0 = Debug|Any CPU
		{75BD9161-A607-4C13-8F3A-6B4E5A04460D}.Debug|x86.ActiveCfg = Debug|Any CPU
		{75BD9161-A607-4C13-8F3A-6B4E5A04460D}.Debug|x86.Build.0 = Debug|Any CPU
		{75BD9161-A607-4C13-8F3A-6B4E5A04460D}.DebugCA|Any CPU.ActiveCfg = Debug|Any CPU
		{75BD9161-A607-4C13-8F3A-6B4E5A04460D}.DebugCA|Any CPU.Build.0 = Debug|Any CPU
		{75BD9161-A607-4C13-8F3A-6B4E5A04460D}.DebugCA|x64.ActiveCfg = Debug|Any CPU
		{75BD9161-A607-4C13-8F3A-6B4E5A04460D}.DebugCA|x64.Build.0 = Debug|Any CPU
		{75BD9161-A607-4C13-8F3A-6B4E5A04460D}.DebugCA|x86.ActiveCfg = Debug|Any CPU
		{75BD9161-A607-4C13-8F3A-6B4E5A04460D}.DebugCA|x86.Build.0 = Debug|Any CPU
		{75BD9161-A607-4C13-8F3A-6B4E5A04460D}.Release|Any CPU.ActiveCfg = Release|Any CPU
		{75BD9161-A607-4C13-8F3A-6B4E5A04460D}.Release|Any CPU.Build.0 = Release|Any CPU
		{75BD9161-A607-4C13-8F3A-6B4E5A04460D}.Release|x64.ActiveCfg = Release|Any CPU
		{75BD9161-A607-4C13-8F3A-6B4E5A04460D}.Release|x64.Build.0 = Release|Any CPU
		{75BD9161-A607-4C13-8F3A-6B4E5A04460D}.Release|x86.ActiveCfg = Release|Any CPU
		{75BD9161-A607-4C13-8F3A-6B4E5A04460D}.Release|x86.Build.0 = Release|Any CPU
		{DD204B9E-3BB7-499F-8FF2-9D2B4263BF07}.Debug|Any CPU.ActiveCfg = Debug|Any CPU
		{DD204B9E-3BB7-499F-8FF2-9D2B4263BF07}.Debug|Any CPU.Build.0 = Debug|Any CPU
		{DD204B9E-3BB7-499F-8FF2-9D2B4263BF07}.Debug|x64.ActiveCfg = Debug|Any CPU
		{DD204B9E-3BB7-499F-8FF2-9D2B4263BF07}.Debug|x64.Build.0 = Debug|Any CPU
		{DD204B9E-3BB7-499F-8FF2-9D2B4263BF07}.Debug|x86.ActiveCfg = Debug|Any CPU
		{DD204B9E-3BB7-499F-8FF2-9D2B4263BF07}.Debug|x86.Build.0 = Debug|Any CPU
		{DD204B9E-3BB7-499F-8FF2-9D2B4263BF07}.DebugCA|Any CPU.ActiveCfg = Debug|Any CPU
		{DD204B9E-3BB7-499F-8FF2-9D2B4263BF07}.DebugCA|Any CPU.Build.0 = Debug|Any CPU
		{DD204B9E-3BB7-499F-8FF2-9D2B4263BF07}.DebugCA|x64.ActiveCfg = Debug|Any CPU
		{DD204B9E-3BB7-499F-8FF2-9D2B4263BF07}.DebugCA|x64.Build.0 = Debug|Any CPU
		{DD204B9E-3BB7-499F-8FF2-9D2B4263BF07}.DebugCA|x86.ActiveCfg = Debug|Any CPU
		{DD204B9E-3BB7-499F-8FF2-9D2B4263BF07}.DebugCA|x86.Build.0 = Debug|Any CPU
		{DD204B9E-3BB7-499F-8FF2-9D2B4263BF07}.Release|Any CPU.ActiveCfg = Release|Any CPU
		{DD204B9E-3BB7-499F-8FF2-9D2B4263BF07}.Release|Any CPU.Build.0 = Release|Any CPU
		{DD204B9E-3BB7-499F-8FF2-9D2B4263BF07}.Release|x64.ActiveCfg = Release|Any CPU
		{DD204B9E-3BB7-499F-8FF2-9D2B4263BF07}.Release|x64.Build.0 = Release|Any CPU
		{DD204B9E-3BB7-499F-8FF2-9D2B4263BF07}.Release|x86.ActiveCfg = Release|Any CPU
		{DD204B9E-3BB7-499F-8FF2-9D2B4263BF07}.Release|x86.Build.0 = Release|Any CPU
		{A71BB234-A8E5-440F-BCCD-E7B50A696739}.Debug|Any CPU.ActiveCfg = Debug|Any CPU
		{A71BB234-A8E5-440F-BCCD-E7B50A696739}.Debug|Any CPU.Build.0 = Debug|Any CPU
		{A71BB234-A8E5-440F-BCCD-E7B50A696739}.Debug|x64.ActiveCfg = Debug|Any CPU
		{A71BB234-A8E5-440F-BCCD-E7B50A696739}.Debug|x64.Build.0 = Debug|Any CPU
		{A71BB234-A8E5-440F-BCCD-E7B50A696739}.Debug|x86.ActiveCfg = Debug|Any CPU
		{A71BB234-A8E5-440F-BCCD-E7B50A696739}.Debug|x86.Build.0 = Debug|Any CPU
		{A71BB234-A8E5-440F-BCCD-E7B50A696739}.DebugCA|Any CPU.ActiveCfg = Debug|Any CPU
		{A71BB234-A8E5-440F-BCCD-E7B50A696739}.DebugCA|Any CPU.Build.0 = Debug|Any CPU
		{A71BB234-A8E5-440F-BCCD-E7B50A696739}.DebugCA|x64.ActiveCfg = Debug|Any CPU
		{A71BB234-A8E5-440F-BCCD-E7B50A696739}.DebugCA|x64.Build.0 = Debug|Any CPU
		{A71BB234-A8E5-440F-BCCD-E7B50A696739}.DebugCA|x86.ActiveCfg = Debug|Any CPU
		{A71BB234-A8E5-440F-BCCD-E7B50A696739}.DebugCA|x86.Build.0 = Debug|Any CPU
		{A71BB234-A8E5-440F-BCCD-E7B50A696739}.Release|Any CPU.ActiveCfg = Release|Any CPU
		{A71BB234-A8E5-440F-BCCD-E7B50A696739}.Release|Any CPU.Build.0 = Release|Any CPU
		{A71BB234-A8E5-440F-BCCD-E7B50A696739}.Release|x64.ActiveCfg = Release|Any CPU
		{A71BB234-A8E5-440F-BCCD-E7B50A696739}.Release|x64.Build.0 = Release|Any CPU
		{A71BB234-A8E5-440F-BCCD-E7B50A696739}.Release|x86.ActiveCfg = Release|Any CPU
		{A71BB234-A8E5-440F-BCCD-E7B50A696739}.Release|x86.Build.0 = Release|Any CPU
		{590FA175-2ED9-486D-B489-B0D054BFE68F}.Debug|Any CPU.ActiveCfg = Debug|Any CPU
		{590FA175-2ED9-486D-B489-B0D054BFE68F}.Debug|Any CPU.Build.0 = Debug|Any CPU
		{590FA175-2ED9-486D-B489-B0D054BFE68F}.Debug|x64.ActiveCfg = Debug|Any CPU
		{590FA175-2ED9-486D-B489-B0D054BFE68F}.Debug|x64.Build.0 = Debug|Any CPU
		{590FA175-2ED9-486D-B489-B0D054BFE68F}.Debug|x86.ActiveCfg = Debug|Any CPU
		{590FA175-2ED9-486D-B489-B0D054BFE68F}.Debug|x86.Build.0 = Debug|Any CPU
		{590FA175-2ED9-486D-B489-B0D054BFE68F}.DebugCA|Any CPU.ActiveCfg = Debug|Any CPU
		{590FA175-2ED9-486D-B489-B0D054BFE68F}.DebugCA|Any CPU.Build.0 = Debug|Any CPU
		{590FA175-2ED9-486D-B489-B0D054BFE68F}.DebugCA|x64.ActiveCfg = Debug|Any CPU
		{590FA175-2ED9-486D-B489-B0D054BFE68F}.DebugCA|x64.Build.0 = Debug|Any CPU
		{590FA175-2ED9-486D-B489-B0D054BFE68F}.DebugCA|x86.ActiveCfg = Debug|Any CPU
		{590FA175-2ED9-486D-B489-B0D054BFE68F}.DebugCA|x86.Build.0 = Debug|Any CPU
		{590FA175-2ED9-486D-B489-B0D054BFE68F}.Release|Any CPU.ActiveCfg = Release|Any CPU
		{590FA175-2ED9-486D-B489-B0D054BFE68F}.Release|Any CPU.Build.0 = Release|Any CPU
		{590FA175-2ED9-486D-B489-B0D054BFE68F}.Release|x64.ActiveCfg = Release|Any CPU
		{590FA175-2ED9-486D-B489-B0D054BFE68F}.Release|x64.Build.0 = Release|Any CPU
		{590FA175-2ED9-486D-B489-B0D054BFE68F}.Release|x86.ActiveCfg = Release|Any CPU
		{590FA175-2ED9-486D-B489-B0D054BFE68F}.Release|x86.Build.0 = Release|Any CPU
		{538DA881-D377-41DA-B360-CBFD0D8113C1}.Debug|Any CPU.ActiveCfg = Debug|Any CPU
		{538DA881-D377-41DA-B360-CBFD0D8113C1}.Debug|Any CPU.Build.0 = Debug|Any CPU
		{538DA881-D377-41DA-B360-CBFD0D8113C1}.Debug|x64.ActiveCfg = Debug|Any CPU
		{538DA881-D377-41DA-B360-CBFD0D8113C1}.Debug|x64.Build.0 = Debug|Any CPU
		{538DA881-D377-41DA-B360-CBFD0D8113C1}.Debug|x86.ActiveCfg = Debug|Any CPU
		{538DA881-D377-41DA-B360-CBFD0D8113C1}.Debug|x86.Build.0 = Debug|Any CPU
		{538DA881-D377-41DA-B360-CBFD0D8113C1}.DebugCA|Any CPU.ActiveCfg = Debug|Any CPU
		{538DA881-D377-41DA-B360-CBFD0D8113C1}.DebugCA|Any CPU.Build.0 = Debug|Any CPU
		{538DA881-D377-41DA-B360-CBFD0D8113C1}.DebugCA|x64.ActiveCfg = Debug|Any CPU
		{538DA881-D377-41DA-B360-CBFD0D8113C1}.DebugCA|x64.Build.0 = Debug|Any CPU
		{538DA881-D377-41DA-B360-CBFD0D8113C1}.DebugCA|x86.ActiveCfg = Debug|Any CPU
		{538DA881-D377-41DA-B360-CBFD0D8113C1}.DebugCA|x86.Build.0 = Debug|Any CPU
		{538DA881-D377-41DA-B360-CBFD0D8113C1}.Release|Any CPU.ActiveCfg = Release|Any CPU
		{538DA881-D377-41DA-B360-CBFD0D8113C1}.Release|Any CPU.Build.0 = Release|Any CPU
		{538DA881-D377-41DA-B360-CBFD0D8113C1}.Release|x64.ActiveCfg = Release|Any CPU
		{538DA881-D377-41DA-B360-CBFD0D8113C1}.Release|x64.Build.0 = Release|Any CPU
		{538DA881-D377-41DA-B360-CBFD0D8113C1}.Release|x86.ActiveCfg = Release|Any CPU
		{538DA881-D377-41DA-B360-CBFD0D8113C1}.Release|x86.Build.0 = Release|Any CPU
		{B7D93D79-E187-4FB3-9FA5-9B3156DBC51B}.Debug|Any CPU.ActiveCfg = Debug|Any CPU
		{B7D93D79-E187-4FB3-9FA5-9B3156DBC51B}.Debug|Any CPU.Build.0 = Debug|Any CPU
		{B7D93D79-E187-4FB3-9FA5-9B3156DBC51B}.Debug|x64.ActiveCfg = Debug|Any CPU
		{B7D93D79-E187-4FB3-9FA5-9B3156DBC51B}.Debug|x64.Build.0 = Debug|Any CPU
		{B7D93D79-E187-4FB3-9FA5-9B3156DBC51B}.Debug|x86.ActiveCfg = Debug|Any CPU
		{B7D93D79-E187-4FB3-9FA5-9B3156DBC51B}.Debug|x86.Build.0 = Debug|Any CPU
		{B7D93D79-E187-4FB3-9FA5-9B3156DBC51B}.DebugCA|Any CPU.ActiveCfg = Debug|Any CPU
		{B7D93D79-E187-4FB3-9FA5-9B3156DBC51B}.DebugCA|Any CPU.Build.0 = Debug|Any CPU
		{B7D93D79-E187-4FB3-9FA5-9B3156DBC51B}.DebugCA|x64.ActiveCfg = Debug|Any CPU
		{B7D93D79-E187-4FB3-9FA5-9B3156DBC51B}.DebugCA|x64.Build.0 = Debug|Any CPU
		{B7D93D79-E187-4FB3-9FA5-9B3156DBC51B}.DebugCA|x86.ActiveCfg = Debug|Any CPU
		{B7D93D79-E187-4FB3-9FA5-9B3156DBC51B}.DebugCA|x86.Build.0 = Debug|Any CPU
		{B7D93D79-E187-4FB3-9FA5-9B3156DBC51B}.Release|Any CPU.ActiveCfg = Release|Any CPU
		{B7D93D79-E187-4FB3-9FA5-9B3156DBC51B}.Release|Any CPU.Build.0 = Release|Any CPU
		{B7D93D79-E187-4FB3-9FA5-9B3156DBC51B}.Release|x64.ActiveCfg = Release|Any CPU
		{B7D93D79-E187-4FB3-9FA5-9B3156DBC51B}.Release|x64.Build.0 = Release|Any CPU
		{B7D93D79-E187-4FB3-9FA5-9B3156DBC51B}.Release|x86.ActiveCfg = Release|Any CPU
		{B7D93D79-E187-4FB3-9FA5-9B3156DBC51B}.Release|x86.Build.0 = Release|Any CPU
		{72EFE60E-29A5-4DF9-95D1-2C9D5D887F6A}.Debug|Any CPU.ActiveCfg = Debug|Any CPU
		{72EFE60E-29A5-4DF9-95D1-2C9D5D887F6A}.Debug|Any CPU.Build.0 = Debug|Any CPU
		{72EFE60E-29A5-4DF9-95D1-2C9D5D887F6A}.Debug|x64.ActiveCfg = Debug|Any CPU
		{72EFE60E-29A5-4DF9-95D1-2C9D5D887F6A}.Debug|x64.Build.0 = Debug|Any CPU
		{72EFE60E-29A5-4DF9-95D1-2C9D5D887F6A}.Debug|x86.ActiveCfg = Debug|Any CPU
		{72EFE60E-29A5-4DF9-95D1-2C9D5D887F6A}.Debug|x86.Build.0 = Debug|Any CPU
		{72EFE60E-29A5-4DF9-95D1-2C9D5D887F6A}.DebugCA|Any CPU.ActiveCfg = Debug|Any CPU
		{72EFE60E-29A5-4DF9-95D1-2C9D5D887F6A}.DebugCA|Any CPU.Build.0 = Debug|Any CPU
		{72EFE60E-29A5-4DF9-95D1-2C9D5D887F6A}.DebugCA|x64.ActiveCfg = Debug|Any CPU
		{72EFE60E-29A5-4DF9-95D1-2C9D5D887F6A}.DebugCA|x64.Build.0 = Debug|Any CPU
		{72EFE60E-29A5-4DF9-95D1-2C9D5D887F6A}.DebugCA|x86.ActiveCfg = Debug|Any CPU
		{72EFE60E-29A5-4DF9-95D1-2C9D5D887F6A}.DebugCA|x86.Build.0 = Debug|Any CPU
		{72EFE60E-29A5-4DF9-95D1-2C9D5D887F6A}.Release|Any CPU.ActiveCfg = Release|Any CPU
		{72EFE60E-29A5-4DF9-95D1-2C9D5D887F6A}.Release|Any CPU.Build.0 = Release|Any CPU
		{72EFE60E-29A5-4DF9-95D1-2C9D5D887F6A}.Release|x64.ActiveCfg = Release|Any CPU
		{72EFE60E-29A5-4DF9-95D1-2C9D5D887F6A}.Release|x64.Build.0 = Release|Any CPU
		{72EFE60E-29A5-4DF9-95D1-2C9D5D887F6A}.Release|x86.ActiveCfg = Release|Any CPU
		{72EFE60E-29A5-4DF9-95D1-2C9D5D887F6A}.Release|x86.Build.0 = Release|Any CPU
		{BF4480D5-C79F-4EED-B93A-4B905FCA7D80}.Debug|Any CPU.ActiveCfg = Debug|Any CPU
		{BF4480D5-C79F-4EED-B93A-4B905FCA7D80}.Debug|Any CPU.Build.0 = Debug|Any CPU
		{BF4480D5-C79F-4EED-B93A-4B905FCA7D80}.Debug|x64.ActiveCfg = Debug|Any CPU
		{BF4480D5-C79F-4EED-B93A-4B905FCA7D80}.Debug|x64.Build.0 = Debug|Any CPU
		{BF4480D5-C79F-4EED-B93A-4B905FCA7D80}.Debug|x86.ActiveCfg = Debug|Any CPU
		{BF4480D5-C79F-4EED-B93A-4B905FCA7D80}.Debug|x86.Build.0 = Debug|Any CPU
		{BF4480D5-C79F-4EED-B93A-4B905FCA7D80}.DebugCA|Any CPU.ActiveCfg = Debug|Any CPU
		{BF4480D5-C79F-4EED-B93A-4B905FCA7D80}.DebugCA|Any CPU.Build.0 = Debug|Any CPU
		{BF4480D5-C79F-4EED-B93A-4B905FCA7D80}.DebugCA|x64.ActiveCfg = Debug|Any CPU
		{BF4480D5-C79F-4EED-B93A-4B905FCA7D80}.DebugCA|x64.Build.0 = Debug|Any CPU
		{BF4480D5-C79F-4EED-B93A-4B905FCA7D80}.DebugCA|x86.ActiveCfg = Debug|Any CPU
		{BF4480D5-C79F-4EED-B93A-4B905FCA7D80}.DebugCA|x86.Build.0 = Debug|Any CPU
		{BF4480D5-C79F-4EED-B93A-4B905FCA7D80}.Release|Any CPU.ActiveCfg = Release|Any CPU
		{BF4480D5-C79F-4EED-B93A-4B905FCA7D80}.Release|Any CPU.Build.0 = Release|Any CPU
		{BF4480D5-C79F-4EED-B93A-4B905FCA7D80}.Release|x64.ActiveCfg = Release|Any CPU
		{BF4480D5-C79F-4EED-B93A-4B905FCA7D80}.Release|x64.Build.0 = Release|Any CPU
		{BF4480D5-C79F-4EED-B93A-4B905FCA7D80}.Release|x86.ActiveCfg = Release|Any CPU
		{BF4480D5-C79F-4EED-B93A-4B905FCA7D80}.Release|x86.Build.0 = Release|Any CPU
	EndGlobalSection
	GlobalSection(SolutionProperties) = preSolution
		HideSolutionNode = FALSE
	EndGlobalSection
	GlobalSection(ExtensibilityGlobals) = postSolution
		EnterpriseLibraryConfigurationToolBinariesPathV6 = packages\EnterpriseLibrary.Common.6.0.1304.0\lib\NET45;packages\EnterpriseLibrary.Logging.6.0.1304.0\lib\NET45
		SolutionGuid = {3F55B3E9-9716-4AFC-87CC-028047E3AEE5}
	EndGlobalSection
EndGlobal
